
Microsoft Visual Studio Solution File, Format Version 12.00
# Visual Studio Version 17
VisualStudioVersion = 17.0.31410.414
MinimumVisualStudioVersion = 10.0.40219.1
Project("{FAE04EC0-301F-11D3-BF4B-00C04F79EFBC}") = "ASCII Converter", "ASCII Converter\ASCII Converter.csproj", "{05B0AB2C-890C-4D05-B692-F01542E98BED}"
EndProject
Global
	GlobalSection(SolutionConfigurationPlatforms) = preSolution
		Debug|Any CPU = Debug|Any CPU
		Release|Any CPU = Release|Any CPU
	EndGlobalSection
	GlobalSection(ProjectConfigurationPlatforms) = postSolution
		{05B0AB2C-890C-4D05-B692-F01542E98BED}.Debug|Any CPU.ActiveCfg = Debug|Any CPU
		{05B0AB2C-890C-4D05-B692-F01542E98BED}.Debug|Any CPU.Build.0 = Debug|Any CPU
		{05B0AB2C-890C-4D05-B692-F01542E98BED}.Release|Any CPU.ActiveCfg = Release|Any CPU
		{05B0AB2C-890C-4D05-B692-F01542E98BED}.Release|Any CPU.Build.0 = Release|Any CPU
	EndGlobalSection
	GlobalSection(SolutionProperties) = preSolution
		HideSolutionNode = FALSE
	EndGlobalSection
	GlobalSection(ExtensibilityGlobals) = postSolution
		SolutionGuid = {C1DD1539-5C9A-45FD-A179-AAA4E841B1CA}
	EndGlobalSection
EndGlobal
